
Microsoft Visual Studio Solution File, Format Version 12.00
# Visual Studio Version 17
VisualStudioVersion = 17.1.31903.286
MinimumVisualStudioVersion = 10.0.40219.1
Project("{9A19103F-16F7-4668-BE54-9A1E7A4F7556}") = "lab11", "WpfApp1\lab11.csproj", "{3DCE5A5C-5EF8-42DE-BC3C-1578B7EBF2C5}"
EndProject
Global
	GlobalSection(SolutionConfigurationPlatforms) = preSolution
		Debug|Any CPU = Debug|Any CPU
		Release|Any CPU = Release|Any CPU
	EndGlobalSection
	GlobalSection(ProjectConfigurationPlatforms) = postSolution
		{3DCE5A5C-5EF8-42DE-BC3C-1578B7EBF2C5}.Debug|Any CPU.ActiveCfg = Debug|Any CPU
		{3DCE5A5C-5EF8-42DE-BC3C-1578B7EBF2C5}.Debug|Any CPU.Build.0 = Debug|Any CPU
		{3DCE5A5C-5EF8-42DE-BC3C-1578B7EBF2C5}.Release|Any CPU.ActiveCfg = Release|Any CPU
		{3DCE5A5C-5EF8-42DE-BC3C-1578B7EBF2C5}.Release|Any CPU.Build.0 = Release|Any CPU
	EndGlobalSection
	GlobalSection(SolutionProperties) = preSolution
		HideSolutionNode = FALSE
	EndGlobalSection
	GlobalSection(ExtensibilityGlobals) = postSolution
		SolutionGuid = {A3365164-E64D-4CF7-B0C0-6B8E31052C16}
	EndGlobalSection
EndGlobal
