
Microsoft Visual Studio Solution File, Format Version 12.00
# Visual Studio Version 16
VisualStudioVersion = 16.0.31727.386
MinimumVisualStudioVersion = 10.0.40219.1
Project("{FAE04EC0-301F-11D3-BF4B-00C04F79EFBC}") = "lab1", "lab1.csproj", "{08A97A77-2B89-4842-891F-E7C4097508E7}"
EndProject
Global
	GlobalSection(SolutionConfigurationPlatforms) = preSolution
		Debug|Any CPU = Debug|Any CPU
		Release|Any CPU = Release|Any CPU
	EndGlobalSection
	GlobalSection(ProjectConfigurationPlatforms) = postSolution
		{08A97A77-2B89-4842-891F-E7C4097508E7}.Debug|Any CPU.ActiveCfg = Debug|Any CPU
		{08A97A77-2B89-4842-891F-E7C4097508E7}.Debug|Any CPU.Build.0 = Debug|Any CPU
		{08A97A77-2B89-4842-891F-E7C4097508E7}.Release|Any CPU.ActiveCfg = Release|Any CPU
		{08A97A77-2B89-4842-891F-E7C4097508E7}.Release|Any CPU.Build.0 = Release|Any CPU
	EndGlobalSection
	GlobalSection(SolutionProperties) = preSolution
		HideSolutionNode = FALSE
	EndGlobalSection
	GlobalSection(ExtensibilityGlobals) = postSolution
		SolutionGuid = {C4AE513E-8683-4FF8-B5A3-74C62BDF690A}
	EndGlobalSection
EndGlobal
