
Microsoft Visual Studio Solution File, Format Version 12.00
# Visual Studio Version 17
VisualStudioVersion = 17.1.31903.286
MinimumVisualStudioVersion = 10.0.40219.1
Project("{FAE04EC0-301F-11D3-BF4B-00C04F79EFBC}") = "lab9", "lab9\lab9.csproj", "{00693E23-7433-4520-AF19-8998F8EB9885}"
EndProject
Global
	GlobalSection(SolutionConfigurationPlatforms) = preSolution
		Debug|Any CPU = Debug|Any CPU
		Release|Any CPU = Release|Any CPU
	EndGlobalSection
	GlobalSection(ProjectConfigurationPlatforms) = postSolution
		{00693E23-7433-4520-AF19-8998F8EB9885}.Debug|Any CPU.ActiveCfg = Debug|Any CPU
		{00693E23-7433-4520-AF19-8998F8EB9885}.Debug|Any CPU.Build.0 = Debug|Any CPU
		{00693E23-7433-4520-AF19-8998F8EB9885}.Release|Any CPU.ActiveCfg = Release|Any CPU
		{00693E23-7433-4520-AF19-8998F8EB9885}.Release|Any CPU.Build.0 = Release|Any CPU
	EndGlobalSection
	GlobalSection(SolutionProperties) = preSolution
		HideSolutionNode = FALSE
	EndGlobalSection
	GlobalSection(ExtensibilityGlobals) = postSolution
		SolutionGuid = {BA0ACB83-DD52-4823-8A0A-890C831D3DCA}
	EndGlobalSection
EndGlobal
